
Microsoft Visual Studio Solution File, Format Version 12.00
# Visual Studio Version 16
VisualStudioVersion = 16.0.28922.388
MinimumVisualStudioVersion = 10.0.40219.1
Project("{FAE04EC0-301F-11D3-BF4B-00C04F79EFBC}") = "usoControles", "usoControles\usoControles.csproj", "{CF5A9CCD-9C11-40DA-9013-6BA89C54BBFE}"
EndProject
Global
	GlobalSection(SolutionConfigurationPlatforms) = preSolution
		Debug|Any CPU = Debug|Any CPU
		Release|Any CPU = Release|Any CPU
	EndGlobalSection
	GlobalSection(ProjectConfigurationPlatforms) = postSolution
		{CF5A9CCD-9C11-40DA-9013-6BA89C54BBFE}.Debug|Any CPU.ActiveCfg = Debug|Any CPU
		{CF5A9CCD-9C11-40DA-9013-6BA89C54BBFE}.Debug|Any CPU.Build.0 = Debug|Any CPU
		{CF5A9CCD-9C11-40DA-9013-6BA89C54BBFE}.Release|Any CPU.ActiveCfg = Release|Any CPU
		{CF5A9CCD-9C11-40DA-9013-6BA89C54BBFE}.Release|Any CPU.Build.0 = Release|Any CPU
	EndGlobalSection
	GlobalSection(SolutionProperties) = preSolution
		HideSolutionNode = FALSE
	EndGlobalSection
	GlobalSection(ExtensibilityGlobals) = postSolution
		SolutionGuid = {27880B72-00F0-425C-B9D3-ECE1E5C76019}
	EndGlobalSection
EndGlobal
